
Microsoft Visual Studio Solution File, Format Version 12.00
# Visual Studio Version 17
VisualStudioVersion = 17.13.35828.75
MinimumVisualStudioVersion = 10.0.40219.1
Project("{FAE04EC0-301F-11D3-BF4B-00C04F79EFBC}") = "AuthenticationAuthorizationDeepDive", "WebApp_Security_Authentication_Authorization_DeepDive\AuthenticationAuthorizationDeepDive.csproj", "{78D06FE7-9DE7-4BB3-838F-4371E9BDF551}"
EndProject
Global
	GlobalSection(SolutionConfigurationPlatforms) = preSolution
		Debug|Any CPU = Debug|Any CPU
		Release|Any CPU = Release|Any CPU
	EndGlobalSection
	GlobalSection(ProjectConfigurationPlatforms) = postSolution
		{78D06FE7-9DE7-4BB3-838F-4371E9BDF551}.Debug|Any CPU.ActiveCfg = Debug|Any CPU
		{78D06FE7-9DE7-4BB3-838F-4371E9BDF551}.Debug|Any CPU.Build.0 = Debug|Any CPU
		{78D06FE7-9DE7-4BB3-838F-4371E9BDF551}.Release|Any CPU.ActiveCfg = Release|Any CPU
		{78D06FE7-9DE7-4BB3-838F-4371E9BDF551}.Release|Any CPU.Build.0 = Release|Any CPU
	EndGlobalSection
	GlobalSection(SolutionProperties) = preSolution
		HideSolutionNode = FALSE
	EndGlobalSection
	GlobalSection(ExtensibilityGlobals) = postSolution
		SolutionGuid = {36F56052-C809-477A-BC61-BD1924F5DAF9}
	EndGlobalSection
EndGlobal
